
Microsoft Visual Studio Solution File, Format Version 12.00
# Visual Studio Version 16
VisualStudioVersion = 16.0.29326.143
MinimumVisualStudioVersion = 10.0.40219.1
Project("{8BC9CEB8-8B4A-11D0-8D11-00A0C91BC942}") = "Assignment Part 3", "Assignment Part 3\Assignment Part 3.vcxproj", "{A354DB7A-52CD-43A6-ABF7-2516397761A4}"
EndProject
Global
	GlobalSection(SolutionConfigurationPlatforms) = preSolution
		Debug|x64 = Debug|x64
		Debug|x86 = Debug|x86
		Release|x64 = Release|x64
		Release|x86 = Release|x86
	EndGlobalSection
	GlobalSection(ProjectConfigurationPlatforms) = postSolution
		{A354DB7A-52CD-43A6-ABF7-2516397761A4}.Debug|x64.ActiveCfg = Debug|x64
		{A354DB7A-52CD-43A6-ABF7-2516397761A4}.Debug|x64.Build.0 = Debug|x64
		{A354DB7A-52CD-43A6-ABF7-2516397761A4}.Debug|x86.ActiveCfg = Debug|Win32
		{A354DB7A-52CD-43A6-ABF7-2516397761A4}.Debug|x86.Build.0 = Debug|Win32
		{A354DB7A-52CD-43A6-ABF7-2516397761A4}.Release|x64.ActiveCfg = Release|x64
		{A354DB7A-52CD-43A6-ABF7-2516397761A4}.Release|x64.Build.0 = Release|x64
		{A354DB7A-52CD-43A6-ABF7-2516397761A4}.Release|x86.ActiveCfg = Release|Win32
		{A354DB7A-52CD-43A6-ABF7-2516397761A4}.Release|x86.Build.0 = Release|Win32
	EndGlobalSection
	GlobalSection(SolutionProperties) = preSolution
		HideSolutionNode = FALSE
	EndGlobalSection
	GlobalSection(ExtensibilityGlobals) = postSolution
		SolutionGuid = {C4459778-A3F6-4255-9C33-4F1B55226E9C}
	EndGlobalSection
EndGlobal
